
Microsoft Visual Studio Solution File, Format Version 12.00
# Visual Studio 15
Project("{FAE04EC0-301F-11D3-BF4B-00C04F79EFBC}") = "Assembly-CSharp", "Assembly-CSharp.csproj", "{4DD404C1-05E0-2148-B072-762E751A7D06}"
EndProject
Project("{FAE04EC0-301F-11D3-BF4B-00C04F79EFBC}") = "Unity.XR.Interaction.Toolkit.Samples.StarterAssets", "Unity.XR.Interaction.Toolkit.Samples.StarterAssets.csproj", "{BD2A8605-0852-F79D-9CC7-982D7747CE0A}"
EndProject
Project("{FAE04EC0-301F-11D3-BF4B-00C04F79EFBC}") = "CFXRRuntime", "CFXRRuntime.csproj", "{CD2A1BAB-341C-B484-DBD3-EF357035DFFF}"
EndProject
Project("{FAE04EC0-301F-11D3-BF4B-00C04F79EFBC}") = "Assembly-CSharp-firstpass", "Assembly-CSharp-firstpass.csproj", "{9CC391C7-6A80-1C43-4257-27EB56BA9271}"
EndProject
Project("{FAE04EC0-301F-11D3-BF4B-00C04F79EFBC}") = "CFXRDemo", "CFXRDemo.csproj", "{B59CFE46-D48D-16CB-6A46-3F1C19971E90}"
EndProject
Project("{FAE04EC0-301F-11D3-BF4B-00C04F79EFBC}") = "Assembly-CSharp-Editor", "Assembly-CSharp-Editor.csproj", "{00608D28-D3F4-79AE-F28D-A604D8F9EB77}"
EndProject
Project("{FAE04EC0-301F-11D3-BF4B-00C04F79EFBC}") = "Unity.XR.Interaction.Toolkit.Samples.Hands.Editor", "Unity.XR.Interaction.Toolkit.Samples.Hands.Editor.csproj", "{3F5FABFD-B07A-133D-0AAB-94BE3615E1C5}"
EndProject
Project("{FAE04EC0-301F-11D3-BF4B-00C04F79EFBC}") = "CFXREditor", "CFXREditor.csproj", "{CDCD4BAE-3288-D0DE-D0F4-0F3B84E47CA3}"
EndProject
Project("{FAE04EC0-301F-11D3-BF4B-00C04F79EFBC}") = "Unity.XR.Interaction.Toolkit.Samples.Hands", "Unity.XR.Interaction.Toolkit.Samples.Hands.csproj", "{B43DBC6A-1CE2-E1B9-DB1B-EFB42D39C7A9}"
EndProject
Project("{FAE04EC0-301F-11D3-BF4B-00C04F79EFBC}") = "Unity.XR.Hands.Samples.VisualizerSample", "Unity.XR.Hands.Samples.VisualizerSample.csproj", "{96FF62E4-AAD1-1067-DA57-BCBEC360AB04}"
EndProject
Project("{FAE04EC0-301F-11D3-BF4B-00C04F79EFBC}") = "CFXRDemoEditor", "CFXRDemoEditor.csproj", "{F85D0C64-F94F-E82E-9DD1-20678BB6D0B3}"
EndProject
Project("{FAE04EC0-301F-11D3-BF4B-00C04F79EFBC}") = "Unity.XR.Interaction.Toolkit.Samples.StarterAssets.Editor", "Unity.XR.Interaction.Toolkit.Samples.StarterAssets.Editor.csproj", "{E2F4C3D4-6E71-F248-0124-667D0393173F}"
EndProject
Global
	GlobalSection(SolutionConfigurationPlatforms) = preSolution
		Debug|Any CPU = Debug|Any CPU
		Release|Any CPU = Release|Any CPU
	EndGlobalSection
	GlobalSection(ProjectConfigurationPlatforms) = postSolution
		{4DD404C1-05E0-2148-B072-762E751A7D06}.Debug|Any CPU.ActiveCfg = Debug|Any CPU
		{4DD404C1-05E0-2148-B072-762E751A7D06}.Debug|Any CPU.Build.0 = Debug|Any CPU
		{4DD404C1-05E0-2148-B072-762E751A7D06}.Release|Any CPU.ActiveCfg = Release|Any CPU
		{4DD404C1-05E0-2148-B072-762E751A7D06}.Release|Any CPU.Build.0 = Release|Any CPU
		{BD2A8605-0852-F79D-9CC7-982D7747CE0A}.Debug|Any CPU.ActiveCfg = Debug|Any CPU
		{BD2A8605-0852-F79D-9CC7-982D7747CE0A}.Debug|Any CPU.Build.0 = Debug|Any CPU
		{BD2A8605-0852-F79D-9CC7-982D7747CE0A}.Release|Any CPU.ActiveCfg = Release|Any CPU
		{BD2A8605-0852-F79D-9CC7-982D7747CE0A}.Release|Any CPU.Build.0 = Release|Any CPU
		{CD2A1BAB-341C-B484-DBD3-EF357035DFFF}.Debug|Any CPU.ActiveCfg = Debug|Any CPU
		{CD2A1BAB-341C-B484-DBD3-EF357035DFFF}.Debug|Any CPU.Build.0 = Debug|Any CPU
		{CD2A1BAB-341C-B484-DBD3-EF357035DFFF}.Release|Any CPU.ActiveCfg = Release|Any CPU
		{CD2A1BAB-341C-B484-DBD3-EF357035DFFF}.Release|Any CPU.Build.0 = Release|Any CPU
		{9CC391C7-6A80-1C43-4257-27EB56BA9271}.Debug|Any CPU.ActiveCfg = Debug|Any CPU
		{9CC391C7-6A80-1C43-4257-27EB56BA9271}.Debug|Any CPU.Build.0 = Debug|Any CPU
		{9CC391C7-6A80-1C43-4257-27EB56BA9271}.Release|Any CPU.ActiveCfg = Release|Any CPU
		{9CC391C7-6A80-1C43-4257-27EB56BA9271}.Release|Any CPU.Build.0 = Release|Any CPU
		{B59CFE46-D48D-16CB-6A46-3F1C19971E90}.Debug|Any CPU.ActiveCfg = Debug|Any CPU
		{B59CFE46-D48D-16CB-6A46-3F1C19971E90}.Debug|Any CPU.Build.0 = Debug|Any CPU
		{B59CFE46-D48D-16CB-6A46-3F1C19971E90}.Release|Any CPU.ActiveCfg = Release|Any CPU
		{B59CFE46-D48D-16CB-6A46-3F1C19971E90}.Release|Any CPU.Build.0 = Release|Any CPU
		{00608D28-D3F4-79AE-F28D-A604D8F9EB77}.Debug|Any CPU.ActiveCfg = Debug|Any CPU
		{00608D28-D3F4-79AE-F28D-A604D8F9EB77}.Debug|Any CPU.Build.0 = Debug|Any CPU
		{00608D28-D3F4-79AE-F28D-A604D8F9EB77}.Release|Any CPU.ActiveCfg = Release|Any CPU
		{00608D28-D3F4-79AE-F28D-A604D8F9EB77}.Release|Any CPU.Build.0 = Release|Any CPU
		{3F5FABFD-B07A-133D-0AAB-94BE3615E1C5}.Debug|Any CPU.ActiveCfg = Debug|Any CPU
		{3F5FABFD-B07A-133D-0AAB-94BE3615E1C5}.Debug|Any CPU.Build.0 = Debug|Any CPU
		{3F5FABFD-B07A-133D-0AAB-94BE3615E1C5}.Release|Any CPU.ActiveCfg = Release|Any CPU
		{3F5FABFD-B07A-133D-0AAB-94BE3615E1C5}.Release|Any CPU.Build.0 = Release|Any CPU
		{CDCD4BAE-3288-D0DE-D0F4-0F3B84E47CA3}.Debug|Any CPU.ActiveCfg = Debug|Any CPU
		{CDCD4BAE-3288-D0DE-D0F4-0F3B84E47CA3}.Debug|Any CPU.Build.0 = Debug|Any CPU
		{CDCD4BAE-3288-D0DE-D0F4-0F3B84E47CA3}.Release|Any CPU.ActiveCfg = Release|Any CPU
		{CDCD4BAE-3288-D0DE-D0F4-0F3B84E47CA3}.Release|Any CPU.Build.0 = Release|Any CPU
		{B43DBC6A-1CE2-E1B9-DB1B-EFB42D39C7A9}.Debug|Any CPU.ActiveCfg = Debug|Any CPU
		{B43DBC6A-1CE2-E1B9-DB1B-EFB42D39C7A9}.Debug|Any CPU.Build.0 = Debug|Any CPU
		{B43DBC6A-1CE2-E1B9-DB1B-EFB42D39C7A9}.Release|Any CPU.ActiveCfg = Release|Any CPU
		{B43DBC6A-1CE2-E1B9-DB1B-EFB42D39C7A9}.Release|Any CPU.Build.0 = Release|Any CPU
		{96FF62E4-AAD1-1067-DA57-BCBEC360AB04}.Debug|Any CPU.ActiveCfg = Debug|Any CPU
		{96FF62E4-AAD1-1067-DA57-BCBEC360AB04}.Debug|Any CPU.Build.0 = Debug|Any CPU
		{96FF62E4-AAD1-1067-DA57-BCBEC360AB04}.Release|Any CPU.ActiveCfg = Release|Any CPU
		{96FF62E4-AAD1-1067-DA57-BCBEC360AB04}.Release|Any CPU.Build.0 = Release|Any CPU
		{F85D0C64-F94F-E82E-9DD1-20678BB6D0B3}.Debug|Any CPU.ActiveCfg = Debug|Any CPU
		{F85D0C64-F94F-E82E-9DD1-20678BB6D0B3}.Debug|Any CPU.Build.0 = Debug|Any CPU
		{F85D0C64-F94F-E82E-9DD1-20678BB6D0B3}.Release|Any CPU.ActiveCfg = Release|Any CPU
		{F85D0C64-F94F-E82E-9DD1-20678BB6D0B3}.Release|Any CPU.Build.0 = Release|Any CPU
		{E2F4C3D4-6E71-F248-0124-667D0393173F}.Debug|Any CPU.ActiveCfg = Debug|Any CPU
		{E2F4C3D4-6E71-F248-0124-667D0393173F}.Debug|Any CPU.Build.0 = Debug|Any CPU
		{E2F4C3D4-6E71-F248-0124-667D0393173F}.Release|Any CPU.ActiveCfg = Release|Any CPU
		{E2F4C3D4-6E71-F248-0124-667D0393173F}.Release|Any CPU.Build.0 = Release|Any CPU
	EndGlobalSection
	GlobalSection(SolutionProperties) = preSolution
		HideSolutionNode = FALSE
	EndGlobalSection
EndGlobal
